
Microsoft Visual Studio Solution File, Format Version 12.00
# Visual Studio Version 16
VisualStudioVersion = 16.0.28803.202
MinimumVisualStudioVersion = 10.0.40219.1
Project("{FAE04EC0-301F-11D3-BF4B-00C04F79EFBC}") = "trndse", "trndse.csproj", "{B6CECDA7-8D44-4628-A4CE-A1F40BE7AB4C}"
EndProject
Global
	GlobalSection(SolutionConfigurationPlatforms) = preSolution
		Debug|Any CPU = Debug|Any CPU
		Release|Any CPU = Release|Any CPU
	EndGlobalSection
	GlobalSection(ProjectConfigurationPlatforms) = postSolution
		{B6CECDA7-8D44-4628-A4CE-A1F40BE7AB4C}.Debug|Any CPU.ActiveCfg = Debug|Any CPU
		{B6CECDA7-8D44-4628-A4CE-A1F40BE7AB4C}.Debug|Any CPU.Build.0 = Debug|Any CPU
		{B6CECDA7-8D44-4628-A4CE-A1F40BE7AB4C}.Release|Any CPU.ActiveCfg = Release|Any CPU
		{B6CECDA7-8D44-4628-A4CE-A1F40BE7AB4C}.Release|Any CPU.Build.0 = Release|Any CPU
	EndGlobalSection
	GlobalSection(SolutionProperties) = preSolution
		HideSolutionNode = FALSE
	EndGlobalSection
	GlobalSection(ExtensibilityGlobals) = postSolution
		SolutionGuid = {2179852B-D125-4227-9424-410474599F17}
	EndGlobalSection
EndGlobal
